{"filter":false,"title":"Gemfile.lock","tooltip":"/mynews/Gemfile.lock","undoManager":{"mark":-1,"position":-1,"stack":[]},"ace":{"folds":[],"scrolltop":2241,"scrollleft":0,"selection":{"start":{"row":166,"column":18},"end":{"row":166,"column":18},"isBackwards":false},"options":{"guessTabSize":true,"useWrapMode":false,"wrapToView":true},"firstLineState":{"row":159,"state":"start","mode":"ace/mode/text"}},"timestamp":1592477268503,"hash":"a3dc9235075779de5e3cee98917ed0ceba17e8b9"}